
Microsoft Visual Studio Solution File, Format Version 12.00
# Visual Studio 15
VisualStudioVersion = 15.0.26730.15
MinimumVisualStudioVersion = 10.0.40219.1
Project("{FAE04EC0-301F-11D3-BF4B-00C04F79EFBC}") = "PointcollegeLaitehallinta", "PointcollegeLaitehallinta\PointcollegeLaitehallinta.csproj", "{165F23B1-BA65-4360-B729-985AEC287366}"
EndProject
Global
	GlobalSection(SolutionConfigurationPlatforms) = preSolution
		Debug|Any CPU = Debug|Any CPU
		Release|Any CPU = Release|Any CPU
	EndGlobalSection
	GlobalSection(ProjectConfigurationPlatforms) = postSolution
		{165F23B1-BA65-4360-B729-985AEC287366}.Debug|Any CPU.ActiveCfg = Debug|Any CPU
		{165F23B1-BA65-4360-B729-985AEC287366}.Debug|Any CPU.Build.0 = Debug|Any CPU
		{165F23B1-BA65-4360-B729-985AEC287366}.Release|Any CPU.ActiveCfg = Release|Any CPU
		{165F23B1-BA65-4360-B729-985AEC287366}.Release|Any CPU.Build.0 = Release|Any CPU
	EndGlobalSection
	GlobalSection(SolutionProperties) = preSolution
		HideSolutionNode = FALSE
	EndGlobalSection
	GlobalSection(ExtensibilityGlobals) = postSolution
		SolutionGuid = {DA4C9637-B2B9-4271-923F-8396DDDE9ECE}
	EndGlobalSection
EndGlobal
